# This file is automatically @generated by Cargo.
# It is not intended for manual editing.
version = 4

[[package]]
name = "forces"
version = "0.1.0"
dependencies = [
 "portable",
]

[[package]]
name = "portable"
version = "0.1.0"

[[package]]
name = "rust-props"
version = "0.1.0"
dependencies = [
 "forces",
 "water",
]

[[package]]
name = "water"
version = "0.1.0"
dependencies = [
 "portable",
]
